{
    "_meta": {
        "hash": {
            "sha256": "3bbd470c96716286a5faf97aa11e0d303ba28a63a595553f67c64dbc912cebf7"
        },
        "pipfile-spec": 6,
        "requires": {
            "python_version": "3.13"
        },
        "sources": [
            {
                "name": "pypi",
                "url": "https://pypi.org/simple",
                "verify_ssl": true
            }
        ]
    },
    "default": {
        "annotated-types": {
            "hashes": [
                "sha256:1f02e8b43a8fbbc3f3e0d4f0f4bfc8131bcb4eebe8849b8e5c773f3a1c582a53",
                "sha256:aff07c09a53a08bc8cfccb9c85b05f1aa9a2a6f23728d790723543408344ce89"
            ],
            "markers": "python_version >= '3.8'",
            "version": "==0.7.0"
        },
        "markdown-it-py": {
            "hashes": [
                "sha256:87327c59b172c5011896038353a81343b6754500a08cd7a4973bb48c6d578147",
                "sha256:cb0a2b4aa34f932c007117b194e945bd74e0ec24133ceb5bac59009cda1cb9f3"
            ],
            "markers": "python_version >= '3.10'",
            "version": "==4.0.0"
        },
        "mdurl": {
            "hashes": [
                "sha256:84008a41e51615a49fc9966191ff91509e3c40b939176e643fd50a5c2196b8f8",
                "sha256:bb413d29f5eea38f31dd4754dd7377d4465116fb207585f97bf925588687c1ba"
            ],
            "markers": "python_version >= '3.7'",
            "version": "==0.1.2"
        },
        "numpy": {
            "hashes": [
                "sha256:038613e9fb8c72b0a41f025a7e4c3f0b7a1b5d768ece4796b674c8f3fe13efff",
                "sha256:0678000bb9ac1475cd454c6b8c799206af8107e310843532b04d49649c717a47",
                "sha256:0811bb762109d9708cca4d0b13c4f67146e3c3b7cf8d34018c722adb2d957c84",
                "sha256:0b605b275d7bd0c640cad4e5d30fa701a8d59302e127e5f79138ad62762c3e3d",
                "sha256:0bca768cd85ae743b2affdc762d617eddf3bcf8724435498a1e80132d04879e6",
                "sha256:1bc23a79bfabc5d056d106f9befb8d50c31ced2fbc70eedb8155aec74a45798f",
                "sha256:287cc3162b6f01463ccd86be154f284d0893d2b3ed7292439ea97eafa8170e0b",
                "sha256:37c0ca431f82cd5fa716eca9506aefcabc247fb27ba69c5062a6d3ade8cf8f49",
                "sha256:37e990a01ae6ec7fe7fa1c26c55ecb672dd98b19c3d0e1d1f326fa13cb38d163",
                "sha256:389d771b1623ec92636b0786bc4ae56abafad4a4c513d36a55dce14bd9ce8571",
                "sha256:3d70692235e759f260c3d837193090014aebdf026dfd167834bcba43e30c2a42",
                "sha256:41c5a21f4a04fa86436124d388f6ed60a9343a6f767fced1a8a71c3fbca038ff",
                "sha256:481b49095335f8eed42e39e8041327c05b0f6f4780488f61286ed3c01368d491",
                "sha256:4eeaae00d789f66c7a25ac5f34b71a7035bb474e679f410e5e1a94deb24cf2d4",
                "sha256:55a4d33fa519660d69614a9fad433be87e5252f4b03850642f88993f7b2ca566",
                "sha256:5a6429d4be8ca66d889b7cf70f536a397dc45ba6faeb5f8c5427935d9592e9cf",
                "sha256:5bd4fc3ac8926b3819797a7c0e2631eb889b4118a9898c84f585a54d475b7e40",
                "sha256:5beb72339d9d4fa36522fc63802f469b13cdbe4fdab4a288f0c441b74272ebfd",
                "sha256:6031dd6dfecc0cf9f668681a37648373bddd6421fff6c66ec1624eed0180ee06",
                "sha256:71594f7c51a18e728451bb50cc60a3ce4e6538822731b2933209a1f3614e9282",
                "sha256:74d4531beb257d2c3f4b261bfb0fc09e0f9ebb8842d82a7b4209415896adc680",
                "sha256:7befc596a7dc9da8a337f79802ee8adb30a552a94f792b9c9d18c840055907db",
                "sha256:894b3a42502226a1cac872f840030665f33326fc3dac8e57c607905773cdcde3",
                "sha256:8e41fd67c52b86603a91c1a505ebaef50b3314de0213461c7a6e99c9a3beff90",
                "sha256:8e9ace4a37db23421249ed236fdcdd457d671e25146786dfc96835cd951aa7c1",
                "sha256:8fc377d995680230e83241d8a96def29f204b5782f371c532579b4f20607a289",
                "sha256:9551a499bf125c1d4f9e250377c1ee2eddd02e01eac6644c080162c0c51778ab",
                "sha256:b0544343a702fa80c95ad5d3d608ea3599dd54d4632df855e4c8d24eb6ecfa1c",
                "sha256:b093dd74e50a8cba3e873868d9e93a85b78e0daf2e98c6797566ad8044e8363d",
                "sha256:b412caa66f72040e6d268491a59f2c43bf03eb6c96dd8f0307829feb7fa2b6fb",
                "sha256:b4f13750ce79751586ae2eb824ba7e1e8dba64784086c98cdbbcc6a42112ce0d",
                "sha256:b64d8d4d17135e00c8e346e0a738deb17e754230d7e0810ac5012750bbd85a5a",
                "sha256:ba10f8411898fc418a521833e014a77d3ca01c15b0c6cdcce6a0d2897e6dbbdf",
                "sha256:bd48227a919f1bafbdda0583705e547892342c26fb127219d60a5c36882609d1",
                "sha256:c1f9540be57940698ed329904db803cf7a402f3fc200bfe599334c9bd84a40b2",
                "sha256:c820a93b0255bc360f53eca31a0e676fd1101f673dda8da93454a12e23fc5f7a",
                "sha256:ce47521a4754c8f4593837384bd3424880629f718d87c5d44f8ed763edd63543",
                "sha256:d042d24c90c41b54fd506da306759e06e568864df8ec17ccc17e9e884634fd00",
                "sha256:de749064336d37e340f640b05f24e9e3dd678c57318c7289d222a8a2f543e90c",
                "sha256:e1dda9c7e08dc141e0247a5b8f49cf05984955246a327d4c48bda16821947b2f",
                "sha256:e29554e2bef54a90aa5cc07da6ce955accb83f21ab5de01a62c8478897b264fd",
                "sha256:e3143e4451880bed956e706a3220b4e5cf6172ef05fcc397f6f36a550b1dd868",
                "sha256:e8213002e427c69c45a52bbd94163084025f533a55a59d6f9c5b820774ef3303",
                "sha256:efd28d4e9cd7d7a8d39074a4d44c63eda73401580c5c76acda2ce969e0a38e83",
                "sha256:f0fd6321b839904e15c46e0d257fdd101dd7f530fe03fd6359c1ea63738703f3",
                "sha256:f1372f041402e37e5e633e586f62aa53de2eac8d98cbfb822806ce4bbefcb74d",
                "sha256:f2618db89be1b4e05f7a1a847a9c1c0abd63e63a1607d892dd54668dd92faf87",
                "sha256:f447e6acb680fd307f40d3da4852208af94afdfab89cf850986c3ca00562f4fa",
                "sha256:f92729c95468a2f4f15e9bb94c432a9229d0d50de67304399627a943201baa2f",
                "sha256:f9f1adb22318e121c5c69a09142811a201ef17ab257a1e66ca3025065b7f53ae",
                "sha256:fc0c5673685c508a142ca65209b4e79ed6740a4ed6b2267dbba90f34b0b3cfda",
                "sha256:fc7b73d02efb0e18c000e9ad8b83480dfcd5dfd11065997ed4c6747470ae8915",
                "sha256:fd83c01228a688733f1ded5201c678f0c53ecc1006ffbc404db9f7a899ac6249",
                "sha256:fe27749d33bb772c80dcd84ae7e8df2adc920ae8297400dabec45f0dedb3f6de",
                "sha256:fee4236c876c4e8369388054d02d0e9bb84821feb1a64dd59e137e6511a551f8"
            ],
            "index": "pypi",
            "markers": "python_version >= '3.10'",
            "version": "==2.2.6"
        },
        "opencv-python-headless": {
            "hashes": [
                "sha256:1e58d664809b3350c1123484dd441e1667cd7bed3086db1b9ea1b6f6cb20b50e",
                "sha256:236c8df54a90f4d02076e6f9c1cc763d794542e886c576a6fee46ec8ff75a7a9",
                "sha256:365bb2e486b50feffc2d07a405b953a8f3e8eaa63865bc650034e5c71e7a5154",
                "sha256:86b413bdd6c6bf497832e346cd5371995de148e579b9774f8eba686dee3f5528",
                "sha256:aeb4b13ecb8b4a0beb2668ea07928160ea7c2cd2d9b5ef571bbee6bafe9cc8d0",
                "sha256:cfdc017ddf2e59b6c2f53bc12d74b6b0be7ded4ec59083ea70763921af2b6c09",
                "sha256:fde2cf5c51e4def5f2132d78e0c08f9c14783cd67356922182c6845b9af87dbd"
            ],
            "index": "pypi",
            "markers": "python_version >= '3.6'",
            "version": "==4.12.0.88"
        },
        "pillow": {
            "hashes": [
                "sha256:023f6d2d11784a465f09fd09a34b150ea4672e85fb3d05931d89f373ab14abb2",
                "sha256:02a723e6bf909e7cea0dac1b0e0310be9d7650cd66222a5f1c571455c0a45214",
                "sha256:040a5b691b0713e1f6cbe222e0f4f74cd233421e105850ae3b3c0ceda520f42e",
                "sha256:05f6ecbeff5005399bb48d198f098a9b4b6bdf27b8487c7f38ca16eeb070cd59",
                "sha256:068d9c39a2d1b358eb9f245ce7ab1b5c3246c7c8c7d9ba58cfa5b43146c06e50",
                "sha256:0743841cabd3dba6a83f38a92672cccbd69af56e3e91777b0ee7f4dba4385632",
                "sha256:092c80c76635f5ecb10f3f83d76716165c96f5229addbd1ec2bdbbda7d496e06",
                "sha256:0b275ff9b04df7b640c59ec5a3cb113eefd3795a8df80bac69646ef699c6981a",
                "sha256:0bce5c4fd0921f99d2e858dc4d4d64193407e1b99478bc5cacecba2311abde51",
                "sha256:1019b04af07fc0163e2810167918cb5add8d74674b6267616021ab558dc98ced",
                "sha256:106064daa23a745510dabce1d84f29137a37224831d88eb4ce94bb187b1d7e5f",
                "sha256:118ca10c0d60b06d006be10a501fd6bbdfef559251ed31b794668ed569c87e12",
                "sha256:13f87d581e71d9189ab21fe0efb5a23e9f28552d5be6979e84001d3b8505abe8",
                "sha256:155658efb5e044669c08896c0c44231c5e9abcaadbc5cd3648df2f7c0b96b9a6",
                "sha256:1904e1264881f682f02b7f8167935cce37bc97db457f8e7849dc3a6a52b99580",
                "sha256:19d2ff547c75b8e3ff46f4d9ef969a06c30ab2d4263a9e287733aa8b2429ce8f",
                "sha256:1a992e86b0dd7aeb1f053cd506508c0999d710a8f07b4c791c63843fc6a807ac",
                "sha256:1b9c17fd4ace828b3003dfd1e30bff24863e0eb59b535e8f80194d9cc7ecf860",
                "sha256:1c627742b539bba4309df89171356fcb3cc5a9178355b2727d1b74a6cf155fbd",
                "sha256:1cd110edf822773368b396281a2293aeb91c90a2db00d78ea43e7e861631b722",
                "sha256:1f85acb69adf2aaee8b7da124efebbdb959a104db34d3a2cb0f3793dbae422a8",
                "sha256:23cff760a9049c502721bdb743a7cb3e03365fafcdfc2ef9784610714166e5a4",
                "sha256:2465a69cf967b8b49ee1b96d76718cd98c4e925414ead59fdf75cf0fd07df673",
                "sha256:2a3117c06b8fb646639dce83694f2f9eac405472713fcb1ae887469c0d4f6788",
                "sha256:2aceea54f957dd4448264f9bf40875da0415c83eb85f55069d89c0ed436e3542",
                "sha256:2d6fcc902a24ac74495df63faad1884282239265c6839a0a6416d33faedfae7e",
                "sha256:30807c931ff7c095620fe04448e2c2fc673fcbb1ffe2a7da3fb39613489b1ddd",
                "sha256:30b7c02f3899d10f13d7a48163c8969e4e653f8b43416d23d13d1bbfdc93b9f8",
                "sha256:3828ee7586cd0b2091b6209e5ad53e20d0649bbe87164a459d0676e035e8f523",
                "sha256:3cee80663f29e3843b68199b9d6f4f54bd1d4a6b59bdd91bceefc51238bcb967",
                "sha256:3e184b2f26ff146363dd07bde8b711833d7b0202e27d13540bfe2e35a323a809",
                "sha256:41342b64afeba938edb034d122b2dda5db2139b9a4af999729ba8818e0056477",
                "sha256:41742638139424703b4d01665b807c6468e23e699e8e90cffefe291c5832b027",
                "sha256:4445fa62e15936a028672fd48c4c11a66d641d2c05726c7ec1f8ba6a572036ae",
                "sha256:45dfc51ac5975b938e9809451c51734124e73b04d0f0ac621649821a63852e7b",
                "sha256:465b9e8844e3c3519a983d58b80be3f668e2a7a5db97f2784e7079fbc9f9822c",
                "sha256:48d254f8a4c776de343051023eb61ffe818299eeac478da55227d96e241de53f",
                "sha256:4c834a3921375c48ee6b9624061076bc0a32a60b5532b322cc0ea64e639dd50e",
                "sha256:4c96f993ab8c98460cd0c001447bff6194403e8b1d7e149ade5f00594918128b",
                "sha256:504b6f59505f08ae014f724b6207ff6222662aab5cc9542577fb084ed0676ac7",
                "sha256:527b37216b6ac3a12d7838dc3bd75208ec57c1c6d11ef01902266a5a0c14fc27",
                "sha256:5418b53c0d59b3824d05e029669efa023bbef0f3e92e75ec8428f3799487f361",
                "sha256:59a03cdf019efbfeeed910bf79c7c93255c3d54bc45898ac2a4140071b02b4ae",
                "sha256:5e05688ccef30ea69b9317a9ead994b93975104a677a36a8ed8106be9260aa6d",
                "sha256:6359a3bc43f57d5b375d1ad54a0074318a0844d11b76abccf478c37c986d3cfc",
                "sha256:643f189248837533073c405ec2f0bb250ba54598cf80e8c1e043381a60632f58",
                "sha256:65dc69160114cdd0ca0f35cb434633c75e8e7fad4cf855177a05bf38678f73ad",
                "sha256:67172f2944ebba3d4a7b54f2e95c786a3a50c21b88456329314caaa28cda70f6",
                "sha256:676b2815362456b5b3216b4fd5bd89d362100dc6f4945154ff172e206a22c024",
                "sha256:6a418691000f2a418c9135a7cf0d797c1bb7d9a485e61fe8e7722845b95ef978",
                "sha256:6abdbfd3aea42be05702a8dd98832329c167ee84400a1d1f61ab11437f1717eb",
                "sha256:6be31e3fc9a621e071bc17bb7de63b85cbe0bfae91bb0363c893cbe67247780d",
                "sha256:7107195ddc914f656c7fc8e4a5e1c25f32e9236ea3ea860f257b0436011fddd0",
                "sha256:71f511f6b3b91dd543282477be45a033e4845a40278fa8dcdbfdb07109bf18f9",
                "sha256:7859a4cc7c9295f5838015d8cc0a9c215b77e43d07a25e460f35cf516df8626f",
                "sha256:7966e38dcd0fa11ca390aed7c6f20454443581d758242023cf36fcb319b1a874",
                "sha256:79ea0d14d3ebad43ec77ad5272e6ff9bba5b679ef73375ea760261207fa8e0aa",
                "sha256:7aee118e30a4cf54fdd873bd3a29de51e29105ab11f9aad8c32123f58c8f8081",
                "sha256:7b161756381f0918e05e7cb8a371fff367e807770f8fe92ecb20d905d0e1c149",
                "sha256:7c8ec7a017ad1bd562f93dbd8505763e688d388cde6e4a010ae1486916e713e6",
                "sha256:7d1aa4de119a0ecac0a34a9c8bde33f34022e2e8f99104e47a3ca392fd60e37d",
                "sha256:7db51d222548ccfd274e4572fdbf3e810a5e66b00608862f947b163e613b67dd",
                "sha256:819931d25e57b513242859ce1876c58c59dc31587847bf74cfe06b2e0cb22d2f",
                "sha256:83e1b0161c9d148125083a35c1c5a89db5b7054834fd4387499e06552035236c",
                "sha256:857844335c95bea93fb39e0fa2726b4d9d758850b34075a7e3ff4f4fa3aa3b31",
                "sha256:8797edc41f3e8536ae4b10897ee2f637235c94f27404cac7297f7b607dd0716e",
                "sha256:8924748b688aa210d79883357d102cd64690e56b923a186f35a82cbc10f997db",
                "sha256:89bd777bc6624fe4115e9fac3352c79ed60f3bb18651420635f26e643e3dd1f6",
                "sha256:8dc70ca24c110503e16918a658b869019126ecfe03109b754c402daff12b3d9f",
                "sha256:91da1d88226663594e3f6b4b8c3c8d85bd504117d043740a8e0ec449087cc494",
                "sha256:921bd305b10e82b4d1f5e802b6850677f965d8394203d182f078873851dada69",
                "sha256:932c754c2d51ad2b2271fd01c3d121daaa35e27efae2a616f77bf164bc0b3e94",
                "sha256:93efb0b4de7e340d99057415c749175e24c8864302369e05914682ba642e5d77",
                "sha256:97afb3a00b65cc0804d1c7abddbf090a81eaac02768af58cbdcaaa0a931e0b6d",
                "sha256:97f07ed9f56a3b9b5f49d3661dc9607484e85c67e27f3e8be2c7d28ca032fec7",
                "sha256:98a9afa7b9007c67ed84c57c9e0ad86a6000da96eaa638e4f8abe5b65ff83f0a",
                "sha256:9ab6ae226de48019caa8074894544af5b53a117ccb9d3b3dcb2871464c829438",
                "sha256:9c412fddd1b77a75aa904615ebaa6001f169b26fd467b4be93aded278266b288",
                "sha256:a1bc6ba083b145187f648b667e05a2534ecc4b9f2784c2cbe3089e44868f2b9b",
                "sha256:a418486160228f64dd9e9efcd132679b7a02a5f22c982c78b6fc7dab3fefb635",
                "sha256:a4d336baed65d50d37b88ca5b60c0fa9d81e3a87d4a7930d3880d1624d5b31f3",
                "sha256:a6444696fce635783440b7f7a9fc24b3ad10a9ea3f0ab66c5905be1c19ccf17d",
                "sha256:a7bc6e6fd0395bc052f16b1a8670859964dbd7003bd0af2ff08342eb6e442cfe",
                "sha256:b4b8f3efc8d530a1544e5962bd6b403d5f7fe8b9e08227c6b255f98ad82b4ba0",
                "sha256:b5f56c3f344f2ccaf0dd875d3e180f631dc60a51b314295a3e681fe8cf851fbe",
                "sha256:be5463ac478b623b9dd3937afd7fb7ab3d79dd290a28e2b6df292dc75063eb8a",
                "sha256:c37d8ba9411d6003bba9e518db0db0c58a680ab9fe5179f040b0463644bc9805",
                "sha256:c84d689db21a1c397d001aa08241044aa2069e7587b398c8cc63020390b1c1b8",
                "sha256:c96d333dcf42d01f47b37e0979b6bd73ec91eae18614864622d9b87bbd5bbf36",
                "sha256:cadc9e0ea0a2431124cde7e1697106471fc4c1da01530e679b2391c37d3fbb3a",
                "sha256:cc3e831b563b3114baac7ec2ee86819eb03caa1a2cef0b481a5675b59c4fe23b",
                "sha256:cd8ff254faf15591e724dc7c4ddb6bf4793efcbe13802a4ae3e863cd300b493e",
                "sha256:d000f46e2917c705e9fb93a3606ee4a819d1e3aa7a9b442f6444f07e77cf5e25",
                "sha256:d9da3df5f9ea2a89b81bb6087177fb1f4d1c7146d583a3fe5c672c0d94e55e12",
                "sha256:e5c5858ad8ec655450a7c7df532e9842cf8df7cc349df7225c60d5d348c8aada",
                "sha256:e67d793d180c9df62f1f40aee3accca4829d3794c95098887edc18af4b8b780c",
                "sha256:ea944117a7974ae78059fcc1800e5d3295172bb97035c0c1d9345fca1419da71",
                "sha256:eb76541cba2f958032d79d143b98a3a6b3ea87f0959bbe256c0b5e416599fd5d",
                "sha256:ec1ee50470b0d050984394423d96325b744d55c701a439d2bd66089bff963d3c",
                "sha256:ee92f2fd10f4adc4b43d07ec5e779932b4eb3dbfbc34790ada5a6669bc095aa6",
                "sha256:f0f5d8f4a08090c6d6d578351a2b91acf519a54986c055af27e7a93feae6d3f1",
                "sha256:f1f182ebd2303acf8c380a54f615ec883322593320a9b00438eb842c1f37ae50",
                "sha256:f8a5827f84d973d8636e9dc5764af4f0cf2318d26744b3d902931701b0d46653",
                "sha256:f944255db153ebb2b19c51fe85dd99ef0ce494123f21b9db4877ffdfc5590c7c",
                "sha256:fdae223722da47b024b867c1ea0be64e0df702c5e0a60e27daad39bf960dd1e4",
                "sha256:fe27fb049cdcca11f11a7bfda64043c37b30e6b91f10cb5bab275806c32f6ab3"
            ],
            "index": "pypi",
            "markers": "python_version >= '3.9'",
            "version": "==11.3.0"
        },
        "pydantic": {
            "hashes": [
                "sha256:4d351024c75c0f085a9febbb665ce8c0c6ec5d30e903bdb6394b7ede26aebb49",
                "sha256:e561593fccf61e8a20fc46dfc2dfe075b8be7d0188df33f221ad1f0139180f9d"
            ],
            "index": "pypi",
            "markers": "python_version >= '3.9'",
            "version": "==2.12.5"
        },
        "pydantic-core": {
            "hashes": [
                "sha256:0177272f88ab8312479336e1d777f6b124537d47f2123f89cb37e0accea97f90",
                "sha256:01a3d0ab748ee531f4ea6c3e48ad9dac84ddba4b0d82291f87248f2f9de8d740",
                "sha256:0384e2e1021894b1ff5a786dbf94771e2986ebe2869533874d7e43bc79c6f504",
                "sha256:03b77d184b9eb40240ae9fd676ca364ce1085f203e1b1256f8ab9984dca80a84",
                "sha256:03ca43e12fab6023fc79d28ca6b39b05f794ad08ec2feccc59a339b02f2b3d33",
                "sha256:05a2c8852530ad2812cb7914dc61a1125dc4e06252ee98e5638a12da6cc6fb6c",
                "sha256:070259a8818988b9a84a449a2a7337c7f430a22acc0859c6b110aa7212a6d9c0",
                "sha256:08daa51ea16ad373ffd5e7606252cc32f07bc72b28284b6bc9c6df804816476e",
                "sha256:0cbaad15cb0c90aa221d43c00e77bb33c93e8d36e0bf74760cd00e732d10a6a0",
                "sha256:100baa204bb412b74fe285fb0f3a385256dad1d1879f0a5cb1499ed2e83d132a",
                "sha256:112e305c3314f40c93998e567879e887a3160bb8689ef3d2c04b6cc62c33ac34",
                "sha256:16f80f7abe3351f8ea6858914ddc8c77e02578544a0ebc15b4c2e1a0e813b0b2",
                "sha256:1746d4a3d9a794cacae06a5eaaccb4b8643a131d45fbc9af23e353dc0a5ba5c3",
                "sha256:1962293292865bca8e54702b08a4f26da73adc83dd1fcf26fbc875b35d81c815",
                "sha256:1d1d9764366c73f996edd17abb6d9d7649a7eb690006ab6adbda117717099b14",
                "sha256:1f8d33a7f4d5a7889e60dc39856d76d09333d8a6ed0f5f1190635cbec70ec4ba",
                "sha256:22f0fb8c1c583a3b6f24df2470833b40207e907b90c928cc8d3594b76f874375",
                "sha256:239edca560d05757817c13dc17c50766136d21f7cd0fac50295499ae24f90fdf",
                "sha256:242a206cd0318f95cd21bdacff3fcc3aab23e79bba5cac3db5a841c9ef9c6963",
                "sha256:25e1c2af0fce638d5f1988b686f3b3ea8cd7de5f244ca147c777769e798a9cd1",
                "sha256:266fb4cbf5e3cbd0b53669a6d1b039c45e3ce651fd5442eff4d07c2cc8d66808",
                "sha256:2782c870e99878c634505236d81e5443092fba820f0373997ff75f90f68cd553",
                "sha256:287dad91cfb551c363dc62899a80e9e14da1f0e2b6ebde82c806612ca2a13ef1",
                "sha256:29452c56df2ed968d18d7e21f4ab0ac55e71dc59524872f6fc57dcf4a3249ed2",
                "sha256:299e0a22e7ae2b85c1a57f104538b2656e8ab1873511fd718a1c1c6f149b77b5",
                "sha256:2a5e06546e19f24c6a96a129142a75cee553cc018ffee48a460059b1185f4470",
                "sha256:2b761d210c9ea91feda40d25b4efe82a1707da2ef62901466a42492c028553a2",
                "sha256:2c010c6ded393148374c0f6f0bf89d206bf3217f201faa0635dcd56bd1520f6b",
                "sha256:2ff4321e56e879ee8d2a879501c8e469414d948f4aba74a2d4593184eb326660",
                "sha256:3006c3dd9ba34b0c094c544c6006cc79e87d8612999f1a5d43b769b89181f23c",
                "sha256:33cb885e759a705b426baada1fe68cbb0a2e68e34c5d0d0289a364cf01709093",
                "sha256:346285d28e4c8017da95144c7f3acd42740d637ff41946af5ce6e5e420502dd5",
                "sha256:34a64bc3441dc1213096a20fe27e8e128bd3ff89921706e83c0b1ac971276594",
                "sha256:35b44f37a3199f771c3eaa53051bc8a70cd7b54f333531c59e29fd4db5d15008",
                "sha256:378bec5c66998815d224c9ca994f1e14c0c21cb95d2f52b6021cc0b2a58f2a5a",
                "sha256:3f37a19d7ebcdd20b96485056ba9e8b304e27d9904d233d7b1015db320e51f0a",
                "sha256:3f84d5c1b4ab906093bdc1ff10484838aca54ef08de4afa9de0f5f14d69639cd",
                "sha256:4009935984bd36bd2c774e13f9a09563ce8de4abaa7226f5108262fa3e637284",
                "sha256:406bf18d345822d6c21366031003612b9c77b3e29ffdb0f612367352aab7d586",
                "sha256:4819fa52133c9aa3c387b3328f25c1facc356491e6135b459f1de698ff64d869",
                "sha256:482c982f814460eabe1d3bb0adfdc583387bd4691ef00b90575ca0d2b6fe2294",
                "sha256:4bc36bbc0b7584de96561184ad7f012478987882ebf9f9c389b23f432ea3d90f",
                "sha256:506d766a8727beef16b7adaeb8ee6217c64fc813646b424d0804d67c16eddb66",
                "sha256:56121965f7a4dc965bff783d70b907ddf3d57f6eba29b6d2e5dabfaf07799c51",
                "sha256:58133647260ea01e4d0500089a8c4f07bd7aa6ce109682b1426394988d8aaacc",
                "sha256:5921a4d3ca3aee735d9fd163808f5e8dd6c6972101e4adbda9a4667908849b97",
                "sha256:5a4e67afbc95fa5c34cf27d9089bca7fcab4e51e57278d710320a70b956d1b9a",
                "sha256:5cb1b2f9742240e4bb26b652a5aeb840aa4b417c7748b6f8387927bc6e45e40d",
                "sha256:62de39db01b8d593e45871af2af9e497295db8d73b085f6bfd0b18c83c70a8f9",
                "sha256:634e8609e89ceecea15e2d61bc9ac3718caaaa71963717bf3c8f38bfde64242c",
                "sha256:63510af5e38f8955b8ee5687740d6ebf7c2a0886d15a6d65c32814613681bc07",
                "sha256:650ae77860b45cfa6e2cdafc42618ceafab3a2d9a3811fcfbd3bbf8ac3c40d36",
                "sha256:6561e94ba9dacc9c61bce40e2d6bdc3bfaa0259d3ff36ace3b1e6901936d2e3e",
                "sha256:65840751b72fbfd82c3c640cff9284545342a4f1eb1586ad0636955b261b0b05",
                "sha256:6cb58b9c66f7e4179a2d5e0f849c48eff5c1fca560994d6eb6543abf955a149e",
                "sha256:6f52298fbd394f9ed112d56f3d11aabd0d5bd27beb3084cc3d8ad069483b8941",
                "sha256:707625ef0983fcfb461acfaf14de2067c5942c6bb0f3b4c99158bed6fedd3cf3",
                "sha256:72f6c8b11857a856bcfa48c86f5368439f74453563f951e473514579d44aa612",
                "sha256:753e230374206729bf0a807954bcc6c150d3743928a73faffee51ac6557a03c3",
                "sha256:76d0819de158cd855d1cbb8fcafdf6f5cf1eb8e470abe056d5d161106e38062b",
                "sha256:76ee27c6e9c7f16f47db7a94157112a2f3a00e958bc626e2f4ee8bec5c328fbe",
                "sha256:77b63866ca88d804225eaa4af3e664c5faf3568cea95360d21f4725ab6e07146",
                "sha256:79ec52ec461e99e13791ec6508c722742ad745571f234ea6255bed38c6480f11",
                "sha256:7b93a4d08587e2b7e7882de461e82b6ed76d9026ce91ca7915e740ecc7855f60",
                "sha256:7da7087d756b19037bc2c06edc6c170eeef3c3bafcb8f532ff17d64dc427adfd",
                "sha256:7f3bf998340c6d4b0c9a2f02d6a400e51f123b59565d74dc60d252ce888c260b",
                "sha256:80aa89cad80b32a912a65332f64a4450ed00966111b6615ca6816153d3585a8c",
                "sha256:8566def80554c3faa0e65ac30ab0932b9e3a5cd7f8323764303d468e5c37595a",
                "sha256:873e0d5b4fb9b89ef7c2d2a963ea7d02879d9da0da8d9d4933dee8ee86a8b460",
                "sha256:88942d3a3dff3afc8288c21e565e476fc278902ae4d6d134f1eeda118cc830b1",
                "sha256:8bfeaf8735be79f225f3fefab7f941c712aaca36f1128c9d7e2352ee1aa87bdf",
                "sha256:8e7c86f27c585ef37c35e56a96363ab8de4e549a95512445b85c96d3e2f7c1bf",
                "sha256:915c3d10f81bec3a74fbd4faebe8391013ba61e5a1a8d48c4455b923bdda7858",
                "sha256:93e8740d7503eb008aa2df04d3b9735f845d43ae845e6dcd2be0b55a2da43cd2",
                "sha256:941103c9be18ac8daf7b7adca8228f8ed6bb7a1849020f643b3a14d15b1924d9",
                "sha256:97aeba56665b4c3235a0e52b2c2f5ae9cd071b8a8310ad27bddb3f7fb30e9aa2",
                "sha256:a39455728aabd58ceabb03c90e12f71fd30fa69615760a075b9fec596456ccc3",
                "sha256:a3a52f6156e73e7ccb0f8cced536adccb7042be67cb45f9562e12b319c119da6",
                "sha256:a668ce24de96165bb239160b3d854943128f4334822900534f2fe947930e5770",
                "sha256:a75dafbf87d6276ddc5b2bf6fae5254e3d0876b626eb24969a574fff9149ee5d",
                "sha256:aabf5777b5c8ca26f7824cb4a120a740c9588ed58df9b2d196ce92fba42ff8dc",
                "sha256:aec5cf2fd867b4ff45b9959f8b20ea3993fc93e63c7363fe6851424c8a7e7c23",
                "sha256:b2379fa7ed44ddecb5bfe4e48577d752db9fc10be00a6b7446e9663ba143de26",
                "sha256:b4ececa40ac28afa90871c2cc2b9ffd2ff0bf749380fbdf57d165fd23da353aa",
                "sha256:b5819cd790dbf0c5eb9f82c73c16b39a65dd6dd4d1439dcdea7816ec9adddab8",
                "sha256:b74557b16e390ec12dca509bce9264c3bbd128f8a2c376eaa68003d7f327276d",
                "sha256:b80aa5095cd3109962a298ce14110ae16b8c1aece8b72f9dafe81cf597ad80b3",
                "sha256:b93590ae81f7010dbe380cdeab6f515902ebcbefe0b9327cc4804d74e93ae69d",
                "sha256:b96d5f26b05d03cc60f11a7761a5ded1741da411e7fe0909e27a5e6a0cb7b034",
                "sha256:bd3d54f38609ff308209bd43acea66061494157703364ae40c951f83ba99a1a9",
                "sha256:bfea2a5f0b4d8d43adf9d7b8bf019fb46fdd10a2e5cde477fbcb9d1fa08c68e1",
                "sha256:c007fe8a43d43b3969e8469004e9845944f1a80e6acd47c150856bb87f230c56",
                "sha256:c1df3d34aced70add6f867a8cf413e299177e0c22660cc767218373d0779487b",
                "sha256:c23e27686783f60290e36827f9c626e63154b82b116d7fe9adba1fda36da706c",
                "sha256:c8d8b4eb992936023be7dee581270af5c6e0697a8559895f527f5b7105ecd36a",
                "sha256:c9e19dd6e28fdcaa5a1de679aec4141f691023916427ef9bae8584f9c2fb3b0e",
                "sha256:d0d2568a8c11bf8225044aa94409e21da0cb09dcdafe9ecd10250b2baad531a9",
                "sha256:d38548150c39b74aeeb0ce8ee1d8e82696f4a4e16ddc6de7b1d8823f7de4b9b5",
                "sha256:d3a978c4f57a597908b7e697229d996d77a6d3c94901e9edee593adada95ce1a",
                "sha256:d5160812ea7a8a2ffbe233d8da666880cad0cbaf5d4de74ae15c313213d62556",
                "sha256:dc799088c08fa04e43144b164feb0c13f9a0bc40503f8df3e9fde58a3c0c101e",
                "sha256:df3959765b553b9440adfd3c795617c352154e497a4eaf3752555cfb5da8fc49",
                "sha256:dfa8a0c812ac681395907e71e1274819dec685fec28273a28905df579ef137e2",
                "sha256:e25c479382d26a2a41b7ebea1043564a937db462816ea07afa8a44c0866d52f9",
                "sha256:e4f4a984405e91527a0d62649ee21138f8e3d0ef103be488c1dc11a80d7f184b",
                "sha256:e536c98a7626a98feb2d3eaf75944ef6f3dbee447e1f841eae16f2f0a72d8ddc",
                "sha256:e56ba91f47764cc14f1daacd723e3e82d1a89d783f0f5afe9c364b8bb491ccdb",
                "sha256:e672ba74fbc2dc8eea59fb6d4aed6845e6905fc2a8afe93175d94a83ba2a01a0",
                "sha256:e7b576130c69225432866fe2f4a469a85a54ade141d96fd396dffcf607b558f8",
                "sha256:e8465ab91a4bd96d36dde3263f06caa6a8a6019e4113f24dc753d79a8b3a3f82",
                "sha256:e96cea19e34778f8d59fe40775a7a574d95816eb150850a85a7a4c8f4b94ac69",
                "sha256:ece5c59f0ce7d001e017643d8d24da587ea1f74f6993467d85ae8a5ef9d4f42b",
                "sha256:eceb81a8d74f9267ef4081e246ffd6d129da5d87e37a77c9bde550cb04870c1c",
                "sha256:ed2e99c456e3fadd05c991f8f437ef902e00eedf34320ba2b0842bd1c3ca3a75",
                "sha256:f0cd744688278965817fd0839c4a4116add48d23890d468bc436f78beb28abf5",
                "sha256:f14f8f046c14563f8eb3f45f499cc658ab8d10072961e07225e507adb700e93f",
                "sha256:f15489ba13d61f670dcc96772e733aad1a6f9c429cc27574c6cdaed82d0146ad",
                "sha256:f31d95a179f8d64d90f6831d71fa93290893a33148d890ba15de25642c5d075b",
                "sha256:f41a7489d32336dbf2199c8c0a215390a751c5b014c2c1c5366e817202e9cdf7",
                "sha256:f41eb9797986d6ebac5e8edff36d5cef9de40def462311b3eb3eeded1431e425",
                "sha256:f547144f2966e1e16ae626d8ce72b4cfa0caedc7fa28052001c94fb2fcaa1c52"
            ],
            "markers": "python_version >= '3.9'",
            "version": "==2.41.5"
        },
        "pygments": {
            "hashes": [
                "sha256:636cb2477cec7f8952536970bc533bc43743542f70392ae026374600add5b887",
                "sha256:86540386c03d588bb81d44bc3928634ff26449851e99741617ecb9037ee5ec0b"
            ],
            "markers": "python_version >= '3.8'",
            "version": "==2.19.2"
        },
        "rich": {
            "hashes": [
                "sha256:73ff50c7c0c1c77c8243079283f4edb376f0f6442433aecb8ce7e6d0b92d1fe4",
                "sha256:76bc51fe2e57d2b1be1f96c524b890b816e334ab4c1e45888799bfaab0021edd"
            ],
            "index": "pypi",
            "markers": "python_full_version >= '3.8.0'",
            "version": "==14.2.0"
        },
        "scipy": {
            "hashes": [
                "sha256:03931b4e870c6fef5b5c0970d52c9f6ddd8c8d3e934a98f09308377eba6f3824",
                "sha256:1d8747f7736accd39289943f7fe53a8333be7f15a82eea08e4afe47d79568c32",
                "sha256:1dbc8fdba23e4d80394ddfab7a56808e3e6489176d559c6c71935b11a2d59db1",
                "sha256:26ec28675f4a9d41587266084c626b02899db373717d9312fa96ab17ca1ae94d",
                "sha256:4f720300a3024c237ace1cb11f9a84c38beb19616ba7c4cdcd771047a10a1706",
                "sha256:512c4f4f85912767c351a0306824ccca6fd91307a9f4318efe8fdbd9d30562ef",
                "sha256:58e0d4354eacb6004e7aa1cd350e5514bd0270acaa8d5b36c0627bb3bb486974",
                "sha256:6b65d232157a380fdd11a560e7e21cde34fdb69d65c09cb87f6cc024ee376351",
                "sha256:6c4abb4c11fc0b857474241b812ce69ffa6464b4bd8f4ecb786cf240367a36a7",
                "sha256:75b2094ec975c80efc273567436e16bb794660509c12c6a31eb5c195cbf4b6dc",
                "sha256:79a3c13d43c95aa80b87328a46031cf52508cf5f4df2767602c984ed1d3c6bbe",
                "sha256:7dcf42c380e1e3737b343dec21095c9a9ad3f9cbe06f9c05830b44b1786c9e90",
                "sha256:7eb6bd33cef4afb9fa5f1fb25df8feeb1e52d94f21a44f1d17805b41b1da3180",
                "sha256:88a6ca658fb94640079e7a50b2ad3b67e33ef0f40e70bdb7dc22017dae73ac08",
                "sha256:8cb824c1fc75ef29893bc32b3ddd7b11cf9ab13c1127fe26413a05953b8c32ed",
                "sha256:90452f6a9f3fe5a2cf3748e7be14f9cc7d9b124dce19667b54f5b429d680d539",
                "sha256:952358b7e58bd3197cfbd2f2f2ba829f258404bdf5db59514b515a8fe7a36c52",
                "sha256:a16ba90847249bedce8aa404a83fb8334b825ec4a8e742ce6012a7a5e639f95c",
                "sha256:a2f0bf2f58031c8701a8b601df41701d2a7be17c7ffac0a4816aeba89c4cdac8",
                "sha256:aad603e9339ddb676409b104c48a027e9916ce0d2838830691f39552b38a352e",
                "sha256:adf9b1999323ba335adc5d1dc7add4781cb5a4b0ef1e98b79768c05c796c4e49",
                "sha256:ae902626972f1bd7e4e86f58fd72322d7f4ec7b0cfc17b15d4b7006efc385176",
                "sha256:b2243561b45257f7391d0f49972fca90d46b79b8dbcb9b2cb0f9df928d370ad4",
                "sha256:b370f8f6ac6ef99815b0d5c9f02e7ade77b33007d74802efc8316c8db98fd11e",
                "sha256:b5ef54021e832869c8cfb03bc3bf20366cbcd426e02a58e8a58d7584dfbb8f62",
                "sha256:bbba55fb97ba3cdef9b1ee973f06b09d518c0c7c66a009c729c7d1592be1935e",
                "sha256:d2b83c37edbfa837a8923d19c749c1935ad3d41cf196006a24ed44dba2ec4358",
                "sha256:d30c0fe579bb901c61ab4bb7f3eeb7281f0d4c4a7b52dbf563c89da4fd2949be",
                "sha256:de2db7250ff6514366a9709c2cba35cb6d08498e961cba20d7cff98a7ee88938",
                "sha256:deec06d831b8f6b5fb0b652433be6a09db29e996368ce5911faf673e78d20085",
                "sha256:e69f798847e9add03d512eaf5081a9a5c9a98757d12e52e6186ed9681247a1ac",
                "sha256:e6d7dfc148135e9712d87c5f7e4f2ddc1304d1582cb3a7d698bbadedb61c7afd",
                "sha256:e85800274edf4db8dd2e4e93034f92d1b05c9421220e7ded9988b16976f849c1",
                "sha256:e9f414cbe9ca289a73e0cc92e33a6a791469b6619c240aa32ee18abdce8ab451",
                "sha256:eb9f147a1b8529bb7fec2a85cf4cf42bdfadf9e83535c309a11fdae598c88e8b",
                "sha256:f56296fefca67ba605fd74d12f7bd23636267731a72cb3947963e76b8c0a25db",
                "sha256:f91b87e1689f0370690e8470916fe1b2308e5b2061317ff76977c8f836452a47"
            ],
            "index": "pypi",
            "markers": "python_version >= '3.11'",
            "version": "==1.16.0"
        },
        "typing-extensions": {
            "hashes": [
                "sha256:0cea48d173cc12fa28ecabc3b837ea3cf6f38c6d1136f85cbaaf598984861466",
                "sha256:f0fa19c6845758ab08074a0cfa8b7aecb71c999ca73d62883bc25cc018c4e548"
            ],
            "markers": "python_version >= '3.9'",
            "version": "==4.15.0"
        },
        "typing-inspection": {
            "hashes": [
                "sha256:4ed1cacbdc298c220f1bd249ed5287caa16f34d44ef4e9c3d0cbad5b521545e7",
                "sha256:ba561c48a67c5958007083d386c3295464928b01faa735ab8547c5692e87f464"
            ],
            "markers": "python_version >= '3.9'",
            "version": "==0.4.2"
        }
    },
    "develop": {
        "altgraph": {
            "hashes": [
                "sha256:1b5afbb98f6c4dcadb2e2ae6ab9fa994bbb8c1d75f4fa96d340f9437ae454406",
                "sha256:642743b4750de17e655e6711601b077bc6598dbfa3ba5fa2b2a35ce12b508dff"
            ],
            "version": "==0.17.4"
        },
        "packaging": {
            "hashes": [
                "sha256:29572ef2b1f17581046b3a2227d5c611fb25ec70ca1ba8554b24b0e69331a484",
                "sha256:d443872c98d677bf60f6a1f2f8c1cb748e8fe762d2bf9d3148b5599295b0fc4f"
            ],
            "markers": "python_version >= '3.8'",
            "version": "==25.0"
        },
        "pefile": {
            "hashes": [
                "sha256:82e6114004b3d6911c77c3953e3838654b04511b8b66e8583db70c65998017dc",
                "sha256:da185cd2af68c08a6cd4481f7325ed600a88f6a813bad9dea07ab3ef73d8d8d6"
            ],
            "markers": "python_full_version >= '3.6.0'",
            "version": "==2023.2.7"
        },
        "pyinstaller": {
            "hashes": [
                "sha256:03862c6b3cf7b16843d24b529f89cd4077cbe467883cd54ce7a81940d6da09d3",
                "sha256:077efb2d01d16d9c8fdda3ad52788f0fead2791c5cec9ed6ce058af7e26eb74b",
                "sha256:142cce0719e79315f0cc26400c2e5c45d9b6b17e7e0491fee444a9f8f16f4917",
                "sha256:1697601aa788e3a52f0b5e620b4741a34b82e6f222ec6e1318b3a1349f566bb2",
                "sha256:185710ab1503dfdfa14c43237d394d96ac183422d588294be42531480dfa6c38",
                "sha256:3fa0c391e1300a9fd7752eb1ffe2950112b88fba9d2743eee2ef218a15f4705f",
                "sha256:69fd11ca57e572387826afaa4a1b3d4cb74927d76f231f0308c0bd7872ca5ac1",
                "sha256:6c673a7e761bd4a2560cfd5dbe1ccdcfe2dff304b774e6e5242fc5afed953661",
                "sha256:78827a21ada2a848e98671852d20d74b2955b6e2aaf2359ed13a462e1a603d84",
                "sha256:d77d18bf5343a1afef2772393d7a489d4ec2282dee5bca549803fc0d74b78330",
                "sha256:e10e0e67288d6dcb5898a917dd1d4272aa0ff33f197ad49a0e39618009d63ed9",
                "sha256:fdd2bd020a18736806a6bd5d3c4352f1209b427a96ad6c459d88aec1d90c4f21"
            ],
            "index": "pypi",
            "markers": "python_version < '3.14' and python_version >= '3.8'",
            "version": "==6.14.2"
        },
        "pyinstaller-hooks-contrib": {
            "hashes": [
                "sha256:06779d024f7d60dd75b05520923bba16b17df5f64073434b23e570ffb71094dc",
                "sha256:223ae773733fb7a0ee9cb5e817480998a90a6c7a9c3d2b7b580d2dfa2b325751"
            ],
            "markers": "python_version >= '3.8'",
            "version": "==2025.6"
        },
        "pywin32-ctypes": {
            "hashes": [
                "sha256:8a1513379d709975552d202d942d9837758905c8d01eb82b8bcc30918929e7b8",
                "sha256:d162dc04946d704503b2edc4d55f3dba5c1d539ead017afa00142c38b9885755"
            ],
            "markers": "python_version >= '3.6'",
            "version": "==0.2.3"
        },
        "setuptools": {
            "hashes": [
                "sha256:062d34222ad13e0cc312a4c02d73f059e86a4acbfbdea8f8f76b28c99f306922",
                "sha256:f36b47402ecde768dbfafc46e8e4207b4360c654f1f3bb84475f0a28628fb19c"
            ],
            "markers": "python_version >= '3.9'",
            "version": "==80.9.0"
        }
    }
}
